
Microsoft Visual Studio Solution File, Format Version 12.00
# Visual Studio 15
VisualStudioVersion = 15.0.27130.2027
MinimumVisualStudioVersion = 10.0.40219.1
Project("{FAE04EC0-301F-11D3-BF4B-00C04F79EFBC}") = "RuleValidationExample", "RuleValidationExample\RuleValidationExample.csproj", "{4D9E7FEE-F82C-440C-85E9-17BE6F98D22A}"
EndProject
Project("{FAE04EC0-301F-11D3-BF4B-00C04F79EFBC}") = "ValidationTools", "Validationtools\ValidationTools.csproj", "{DA1A860C-02A7-40C6-B103-539C2FCCF7F8}"
EndProject
Global
	GlobalSection(SolutionConfigurationPlatforms) = preSolution
		Debug|Any CPU = Debug|Any CPU
		Release|Any CPU = Release|Any CPU
	EndGlobalSection
	GlobalSection(ProjectConfigurationPlatforms) = postSolution
		{4D9E7FEE-F82C-440C-85E9-17BE6F98D22A}.Debug|Any CPU.ActiveCfg = Debug|Any CPU
		{4D9E7FEE-F82C-440C-85E9-17BE6F98D22A}.Debug|Any CPU.Build.0 = Debug|Any CPU
		{4D9E7FEE-F82C-440C-85E9-17BE6F98D22A}.Release|Any CPU.ActiveCfg = Release|Any CPU
		{4D9E7FEE-F82C-440C-85E9-17BE6F98D22A}.Release|Any CPU.Build.0 = Release|Any CPU
		{DA1A860C-02A7-40C6-B103-539C2FCCF7F8}.Debug|Any CPU.ActiveCfg = Debug|Any CPU
		{DA1A860C-02A7-40C6-B103-539C2FCCF7F8}.Debug|Any CPU.Build.0 = Debug|Any CPU
		{DA1A860C-02A7-40C6-B103-539C2FCCF7F8}.Release|Any CPU.ActiveCfg = Release|Any CPU
		{DA1A860C-02A7-40C6-B103-539C2FCCF7F8}.Release|Any CPU.Build.0 = Release|Any CPU
	EndGlobalSection
	GlobalSection(SolutionProperties) = preSolution
		HideSolutionNode = FALSE
	EndGlobalSection
	GlobalSection(ExtensibilityGlobals) = postSolution
		SolutionGuid = {E3C22C1F-9E5E-46AD-BA0D-685772AF0828}
	EndGlobalSection
EndGlobal
